
Microsoft Visual Studio Solution File, Format Version 12.00
# Visual Studio Version 17
VisualStudioVersion = 17.13.35806.99
MinimumVisualStudioVersion = 10.0.40219.1
Project("{FAE04EC0-301F-11D3-BF4B-00C04F79EFBC}") = "MusicStore", "MusicStore\MusicStore.csproj", "{4D70B9AB-4E51-413F-8369-D7CA8371AF71}"
EndProject
Project("{FAE04EC0-301F-11D3-BF4B-00C04F79EFBC}") = "Logger_Key", "Logger_Key\Logger_Key.csproj", "{F989DD92-B23F-4082-8D73-C66720C5D7FD}"
EndProject
Global
	GlobalSection(SolutionConfigurationPlatforms) = preSolution
		Debug|Any CPU = Debug|Any CPU
		Release|Any CPU = Release|Any CPU
	EndGlobalSection
	GlobalSection(ProjectConfigurationPlatforms) = postSolution
		{4D70B9AB-4E51-413F-8369-D7CA8371AF71}.Debug|Any CPU.ActiveCfg = Debug|Any CPU
		{4D70B9AB-4E51-413F-8369-D7CA8371AF71}.Debug|Any CPU.Build.0 = Debug|Any CPU
		{4D70B9AB-4E51-413F-8369-D7CA8371AF71}.Release|Any CPU.ActiveCfg = Release|Any CPU
		{4D70B9AB-4E51-413F-8369-D7CA8371AF71}.Release|Any CPU.Build.0 = Release|Any CPU
		{F989DD92-B23F-4082-8D73-C66720C5D7FD}.Debug|Any CPU.ActiveCfg = Debug|Any CPU
		{F989DD92-B23F-4082-8D73-C66720C5D7FD}.Debug|Any CPU.Build.0 = Debug|Any CPU
		{F989DD92-B23F-4082-8D73-C66720C5D7FD}.Release|Any CPU.ActiveCfg = Release|Any CPU
		{F989DD92-B23F-4082-8D73-C66720C5D7FD}.Release|Any CPU.Build.0 = Release|Any CPU
	EndGlobalSection
	GlobalSection(SolutionProperties) = preSolution
		HideSolutionNode = FALSE
	EndGlobalSection
	GlobalSection(ExtensibilityGlobals) = postSolution
		SolutionGuid = {22861E50-F108-447F-8D7E-C034D8D85C3E}
	EndGlobalSection
EndGlobal
