
Microsoft Visual Studio Solution File, Format Version 12.00
# Visual Studio Version 17
VisualStudioVersion = 17.13.35806.99
MinimumVisualStudioVersion = 10.0.40219.1
Project("{FAE04EC0-301F-11D3-BF4B-00C04F79EFBC}") = "MusicStore", "MusicStore\MusicStore.csproj", "{4D70B9AB-4E51-413F-8369-D7CA8371AF71}"
EndProject
Project("{FAE04EC0-301F-11D3-BF4B-00C04F79EFBC}") = "Logger_Key", "Logger_Key\Logger_Key.csproj", "{F989DD92-B23F-4082-8D73-C66720C5D7FD}"
EndProject
Project("{2150E333-8FDC-42A3-9474-1A3956D46DE8}") = "Chat", "Chat", "{36D591C7-65C7-A0D1-1CBC-10CDE441BDC8}"
EndProject
Project("{FAE04EC0-301F-11D3-BF4B-00C04F79EFBC}") = "Server", "Chat\Server\Server.csproj", "{5C777286-FD66-49B7-B63F-490494BABBF7}"
EndProject
Project("{FAE04EC0-301F-11D3-BF4B-00C04F79EFBC}") = "Chat_Client", "Chat\Chat_Client\Chat_Client.csproj", "{24E7DE86-44B4-4805-A777-E1EEF17D99D9}"
EndProject
Project("{FAE04EC0-301F-11D3-BF4B-00C04F79EFBC}") = "Mini_games", "Mini_games\Mini_games.csproj", "{9553F9B5-EDF9-4F8D-B674-A7036E27F636}"
EndProject
Global
	GlobalSection(SolutionConfigurationPlatforms) = preSolution
		Debug|Any CPU = Debug|Any CPU
		Release|Any CPU = Release|Any CPU
	EndGlobalSection
	GlobalSection(ProjectConfigurationPlatforms) = postSolution
		{4D70B9AB-4E51-413F-8369-D7CA8371AF71}.Debug|Any CPU.ActiveCfg = Debug|Any CPU
		{4D70B9AB-4E51-413F-8369-D7CA8371AF71}.Debug|Any CPU.Build.0 = Debug|Any CPU
		{4D70B9AB-4E51-413F-8369-D7CA8371AF71}.Release|Any CPU.ActiveCfg = Release|Any CPU
		{4D70B9AB-4E51-413F-8369-D7CA8371AF71}.Release|Any CPU.Build.0 = Release|Any CPU
		{F989DD92-B23F-4082-8D73-C66720C5D7FD}.Debug|Any CPU.ActiveCfg = Debug|Any CPU
		{F989DD92-B23F-4082-8D73-C66720C5D7FD}.Debug|Any CPU.Build.0 = Debug|Any CPU
		{F989DD92-B23F-4082-8D73-C66720C5D7FD}.Release|Any CPU.ActiveCfg = Release|Any CPU
		{F989DD92-B23F-4082-8D73-C66720C5D7FD}.Release|Any CPU.Build.0 = Release|Any CPU
		{5C777286-FD66-49B7-B63F-490494BABBF7}.Debug|Any CPU.ActiveCfg = Debug|Any CPU
		{5C777286-FD66-49B7-B63F-490494BABBF7}.Debug|Any CPU.Build.0 = Debug|Any CPU
		{5C777286-FD66-49B7-B63F-490494BABBF7}.Release|Any CPU.ActiveCfg = Release|Any CPU
		{5C777286-FD66-49B7-B63F-490494BABBF7}.Release|Any CPU.Build.0 = Release|Any CPU
		{24E7DE86-44B4-4805-A777-E1EEF17D99D9}.Debug|Any CPU.ActiveCfg = Debug|Any CPU
		{24E7DE86-44B4-4805-A777-E1EEF17D99D9}.Debug|Any CPU.Build.0 = Debug|Any CPU
		{24E7DE86-44B4-4805-A777-E1EEF17D99D9}.Release|Any CPU.ActiveCfg = Release|Any CPU
		{24E7DE86-44B4-4805-A777-E1EEF17D99D9}.Release|Any CPU.Build.0 = Release|Any CPU
		{9553F9B5-EDF9-4F8D-B674-A7036E27F636}.Debug|Any CPU.ActiveCfg = Debug|Any CPU
		{9553F9B5-EDF9-4F8D-B674-A7036E27F636}.Debug|Any CPU.Build.0 = Debug|Any CPU
		{9553F9B5-EDF9-4F8D-B674-A7036E27F636}.Release|Any CPU.ActiveCfg = Release|Any CPU
		{9553F9B5-EDF9-4F8D-B674-A7036E27F636}.Release|Any CPU.Build.0 = Release|Any CPU
	EndGlobalSection
	GlobalSection(SolutionProperties) = preSolution
		HideSolutionNode = FALSE
	EndGlobalSection
	GlobalSection(NestedProjects) = preSolution
		{5C777286-FD66-49B7-B63F-490494BABBF7} = {36D591C7-65C7-A0D1-1CBC-10CDE441BDC8}
		{24E7DE86-44B4-4805-A777-E1EEF17D99D9} = {36D591C7-65C7-A0D1-1CBC-10CDE441BDC8}
	EndGlobalSection
	GlobalSection(ExtensibilityGlobals) = postSolution
		SolutionGuid = {22861E50-F108-447F-8D7E-C034D8D85C3E}
	EndGlobalSection
EndGlobal
